
Microsoft Visual Studio Solution File, Format Version 12.00
# Visual Studio Version 17
VisualStudioVersion = 17.8.34330.188
MinimumVisualStudioVersion = 10.0.40219.1
Project("{8BC9CEB8-8B4A-11D0-8D11-00A0C91BC942}") = "OpenGL-Engine", "OpenGL-Engine\OpenGL-Engine.vcxproj", "{B4C15481-19C2-439E-B06A-0D05061AB466}"
EndProject
Global
	GlobalSection(SolutionConfigurationPlatforms) = preSolution
		Debug|x64 = Debug|x64
		Debug|x86 = Debug|x86
		Release|x64 = Release|x64
		Release|x86 = Release|x86
		Self|x64 = Self|x64
		Self|x86 = Self|x86
	EndGlobalSection
	GlobalSection(ProjectConfigurationPlatforms) = postSolution
		{B4C15481-19C2-439E-B06A-0D05061AB466}.Debug|x64.ActiveCfg = Debug|x64
		{B4C15481-19C2-439E-B06A-0D05061AB466}.Debug|x64.Build.0 = Debug|x64
		{B4C15481-19C2-439E-B06A-0D05061AB466}.Debug|x86.ActiveCfg = Debug|Win32
		{B4C15481-19C2-439E-B06A-0D05061AB466}.Debug|x86.Build.0 = Debug|Win32
		{B4C15481-19C2-439E-B06A-0D05061AB466}.Release|x64.ActiveCfg = Release|x64
		{B4C15481-19C2-439E-B06A-0D05061AB466}.Release|x64.Build.0 = Release|x64
		{B4C15481-19C2-439E-B06A-0D05061AB466}.Release|x86.ActiveCfg = Release|Win32
		{B4C15481-19C2-439E-B06A-0D05061AB466}.Release|x86.Build.0 = Release|Win32
		{B4C15481-19C2-439E-B06A-0D05061AB466}.Self|x64.ActiveCfg = Self|x64
		{B4C15481-19C2-439E-B06A-0D05061AB466}.Self|x64.Build.0 = Self|x64
		{B4C15481-19C2-439E-B06A-0D05061AB466}.Self|x86.ActiveCfg = Self|Win32
		{B4C15481-19C2-439E-B06A-0D05061AB466}.Self|x86.Build.0 = Self|Win32
	EndGlobalSection
	GlobalSection(SolutionProperties) = preSolution
		HideSolutionNode = FALSE
	EndGlobalSection
	GlobalSection(ExtensibilityGlobals) = postSolution
		SolutionGuid = {90A97F4E-31F2-425E-9FFF-FF23ED4A3FB3}
	EndGlobalSection
EndGlobal
